
Microsoft Visual Studio Solution File, Format Version 12.00
# Visual Studio Version 17
VisualStudioVersion = 17.4.33122.133
MinimumVisualStudioVersion = 10.0.40219.1
Project("{FAE04EC0-301F-11D3-BF4B-00C04F79EFBC}") = "DBReader", "DBReader\DBReader.csproj", "{9C3E4E73-0B3D-43F3-A85E-A3FDDD472D7E}"
EndProject
Global
	GlobalSection(SolutionConfigurationPlatforms) = preSolution
		Debug|Any CPU = Debug|Any CPU
		Release|Any CPU = Release|Any CPU
	EndGlobalSection
	GlobalSection(ProjectConfigurationPlatforms) = postSolution
		{9C3E4E73-0B3D-43F3-A85E-A3FDDD472D7E}.Debug|Any CPU.ActiveCfg = Debug|Any CPU
		{9C3E4E73-0B3D-43F3-A85E-A3FDDD472D7E}.Debug|Any CPU.Build.0 = Debug|Any CPU
		{9C3E4E73-0B3D-43F3-A85E-A3FDDD472D7E}.Release|Any CPU.ActiveCfg = Release|Any CPU
		{9C3E4E73-0B3D-43F3-A85E-A3FDDD472D7E}.Release|Any CPU.Build.0 = Release|Any CPU
	EndGlobalSection
	GlobalSection(SolutionProperties) = preSolution
		HideSolutionNode = FALSE
	EndGlobalSection
	GlobalSection(ExtensibilityGlobals) = postSolution
		SolutionGuid = {048F866D-D8E2-46F8-BD47-DB22B1015FA8}
	EndGlobalSection
EndGlobal
