
Microsoft Visual Studio Solution File, Format Version 12.00
# Visual Studio Version 17
VisualStudioVersion = 17.3.32825.248
MinimumVisualStudioVersion = 10.0.40219.1
Project("{FAE04EC0-301F-11D3-BF4B-00C04F79EFBC}") = "Diary", "Diary\Diary.csproj", "{BFB105EB-1269-409F-B37F-E7D7CFB77B88}"
EndProject
Global
	GlobalSection(SolutionConfigurationPlatforms) = preSolution
		Debug|Any CPU = Debug|Any CPU
		Release|Any CPU = Release|Any CPU
	EndGlobalSection
	GlobalSection(ProjectConfigurationPlatforms) = postSolution
		{BFB105EB-1269-409F-B37F-E7D7CFB77B88}.Debug|Any CPU.ActiveCfg = Debug|Any CPU
		{BFB105EB-1269-409F-B37F-E7D7CFB77B88}.Debug|Any CPU.Build.0 = Debug|Any CPU
		{BFB105EB-1269-409F-B37F-E7D7CFB77B88}.Release|Any CPU.ActiveCfg = Release|Any CPU
		{BFB105EB-1269-409F-B37F-E7D7CFB77B88}.Release|Any CPU.Build.0 = Release|Any CPU
	EndGlobalSection
	GlobalSection(SolutionProperties) = preSolution
		HideSolutionNode = FALSE
	EndGlobalSection
	GlobalSection(ExtensibilityGlobals) = postSolution
		SolutionGuid = {E4E5005C-0992-482B-8944-F6886FEDB5E3}
	EndGlobalSection
EndGlobal
