
Microsoft Visual Studio Solution File, Format Version 12.00
# Visual Studio Version 17
VisualStudioVersion = 17.4.33122.133
MinimumVisualStudioVersion = 10.0.40219.1
Project("{FAE04EC0-301F-11D3-BF4B-00C04F79EFBC}") = "TicTacToe", "TicTacToe\TicTacToe.csproj", "{13692787-F7DE-4085-B3A9-8FAFA9896C32}"
EndProject
Global
	GlobalSection(SolutionConfigurationPlatforms) = preSolution
		Debug|Any CPU = Debug|Any CPU
		Release|Any CPU = Release|Any CPU
	EndGlobalSection
	GlobalSection(ProjectConfigurationPlatforms) = postSolution
		{13692787-F7DE-4085-B3A9-8FAFA9896C32}.Debug|Any CPU.ActiveCfg = Debug|Any CPU
		{13692787-F7DE-4085-B3A9-8FAFA9896C32}.Debug|Any CPU.Build.0 = Debug|Any CPU
		{13692787-F7DE-4085-B3A9-8FAFA9896C32}.Release|Any CPU.ActiveCfg = Release|Any CPU
		{13692787-F7DE-4085-B3A9-8FAFA9896C32}.Release|Any CPU.Build.0 = Release|Any CPU
	EndGlobalSection
	GlobalSection(SolutionProperties) = preSolution
		HideSolutionNode = FALSE
	EndGlobalSection
	GlobalSection(ExtensibilityGlobals) = postSolution
		SolutionGuid = {DA450DE4-A58F-4600-B281-E9994470BC51}
	EndGlobalSection
EndGlobal
