
Microsoft Visual Studio Solution File, Format Version 12.00
# Visual Studio Version 17
VisualStudioVersion = 17.3.32825.248
MinimumVisualStudioVersion = 10.0.40219.1
Project("{FAE04EC0-301F-11D3-BF4B-00C04F79EFBC}") = "ConsoleCalculator", "ConsoleCalculator\ConsoleCalculator.csproj", "{D999A261-17A6-436E-BB50-FA29926FB99C}"
EndProject
Global
	GlobalSection(SolutionConfigurationPlatforms) = preSolution
		Debug|Any CPU = Debug|Any CPU
		Release|Any CPU = Release|Any CPU
	EndGlobalSection
	GlobalSection(ProjectConfigurationPlatforms) = postSolution
		{D999A261-17A6-436E-BB50-FA29926FB99C}.Debug|Any CPU.ActiveCfg = Debug|Any CPU
		{D999A261-17A6-436E-BB50-FA29926FB99C}.Debug|Any CPU.Build.0 = Debug|Any CPU
		{D999A261-17A6-436E-BB50-FA29926FB99C}.Release|Any CPU.ActiveCfg = Release|Any CPU
		{D999A261-17A6-436E-BB50-FA29926FB99C}.Release|Any CPU.Build.0 = Release|Any CPU
	EndGlobalSection
	GlobalSection(SolutionProperties) = preSolution
		HideSolutionNode = FALSE
	EndGlobalSection
	GlobalSection(ExtensibilityGlobals) = postSolution
		SolutionGuid = {E4F5D947-DA93-4E26-9B7B-518C9C4BFB8E}
	EndGlobalSection
EndGlobal
