
Microsoft Visual Studio Solution File, Format Version 12.00
# Visual Studio Version 17
VisualStudioVersion = 17.3.32825.248
MinimumVisualStudioVersion = 10.0.40219.1
Project("{FAE04EC0-301F-11D3-BF4B-00C04F79EFBC}") = "Editor", "Editor\Editor.csproj", "{B2FDEBDB-A9DE-4786-AC47-3BABBA3AB7F5}"
EndProject
Global
	GlobalSection(SolutionConfigurationPlatforms) = preSolution
		Debug|Any CPU = Debug|Any CPU
		Release|Any CPU = Release|Any CPU
	EndGlobalSection
	GlobalSection(ProjectConfigurationPlatforms) = postSolution
		{B2FDEBDB-A9DE-4786-AC47-3BABBA3AB7F5}.Debug|Any CPU.ActiveCfg = Debug|Any CPU
		{B2FDEBDB-A9DE-4786-AC47-3BABBA3AB7F5}.Debug|Any CPU.Build.0 = Debug|Any CPU
		{B2FDEBDB-A9DE-4786-AC47-3BABBA3AB7F5}.Release|Any CPU.ActiveCfg = Release|Any CPU
		{B2FDEBDB-A9DE-4786-AC47-3BABBA3AB7F5}.Release|Any CPU.Build.0 = Release|Any CPU
	EndGlobalSection
	GlobalSection(SolutionProperties) = preSolution
		HideSolutionNode = FALSE
	EndGlobalSection
	GlobalSection(ExtensibilityGlobals) = postSolution
		SolutionGuid = {24412F9A-3F3E-4D33-8AFC-CF1BDB9A2073}
	EndGlobalSection
EndGlobal
