
Microsoft Visual Studio Solution File, Format Version 12.00
# Visual Studio Version 17
VisualStudioVersion = 17.3.32825.248
MinimumVisualStudioVersion = 10.0.40219.1
Project("{FAE04EC0-301F-11D3-BF4B-00C04F79EFBC}") = "FileExplorer", "FileExplorer\FileExplorer.csproj", "{9C92E88F-227D-4BCF-8DA9-725C1EAFF44A}"
EndProject
Global
	GlobalSection(SolutionConfigurationPlatforms) = preSolution
		Debug|Any CPU = Debug|Any CPU
		Release|Any CPU = Release|Any CPU
	EndGlobalSection
	GlobalSection(ProjectConfigurationPlatforms) = postSolution
		{9C92E88F-227D-4BCF-8DA9-725C1EAFF44A}.Debug|Any CPU.ActiveCfg = Debug|Any CPU
		{9C92E88F-227D-4BCF-8DA9-725C1EAFF44A}.Debug|Any CPU.Build.0 = Debug|Any CPU
		{9C92E88F-227D-4BCF-8DA9-725C1EAFF44A}.Release|Any CPU.ActiveCfg = Release|Any CPU
		{9C92E88F-227D-4BCF-8DA9-725C1EAFF44A}.Release|Any CPU.Build.0 = Release|Any CPU
	EndGlobalSection
	GlobalSection(SolutionProperties) = preSolution
		HideSolutionNode = FALSE
	EndGlobalSection
	GlobalSection(ExtensibilityGlobals) = postSolution
		SolutionGuid = {2C49512C-177A-421E-88D1-1CEAF4A57F44}
	EndGlobalSection
EndGlobal
